
Microsoft Visual Studio Solution File, Format Version 12.00
# Visual Studio Version 17
VisualStudioVersion = 17.4.33205.214
MinimumVisualStudioVersion = 10.0.40219.1
Project("{FAE04EC0-301F-11D3-BF4B-00C04F79EFBC}") = "ASSIGNMENT77", "ASSIGNMENT77.csproj", "{71511318-0820-43C0-880A-29D52462F94C}"
EndProject
Global
	GlobalSection(SolutionConfigurationPlatforms) = preSolution
		Debug|Any CPU = Debug|Any CPU
		Release|Any CPU = Release|Any CPU
	EndGlobalSection
	GlobalSection(ProjectConfigurationPlatforms) = postSolution
		{71511318-0820-43C0-880A-29D52462F94C}.Debug|Any CPU.ActiveCfg = Debug|Any CPU
		{71511318-0820-43C0-880A-29D52462F94C}.Debug|Any CPU.Build.0 = Debug|Any CPU
		{71511318-0820-43C0-880A-29D52462F94C}.Release|Any CPU.ActiveCfg = Release|Any CPU
		{71511318-0820-43C0-880A-29D52462F94C}.Release|Any CPU.Build.0 = Release|Any CPU
	EndGlobalSection
	GlobalSection(SolutionProperties) = preSolution
		HideSolutionNode = FALSE
	EndGlobalSection
	GlobalSection(ExtensibilityGlobals) = postSolution
		SolutionGuid = {3B8AA1AC-5AD0-4D11-9CE7-C88B72F38D0B}
	EndGlobalSection
EndGlobal
